
Microsoft Visual Studio Solution File, Format Version 12.00
# Visual Studio 15
VisualStudioVersion = 15.0.26730.8
MinimumVisualStudioVersion = 10.0.40219.1
Project("{FAE04EC0-301F-11D3-BF4B-00C04F79EFBC}") = "General_Parser", "General_Parser\General_Parser.csproj", "{75CB30A1-390D-4201-A229-1B6AEB3792E6}"
EndProject
Project("{FAE04EC0-301F-11D3-BF4B-00C04F79EFBC}") = "VS.NET RefeditControl", "vs.net_refeditcontrol\VS.NET RefeditControl.csproj", "{7AFC1B04-F6DB-40DB-9C43-B67E20349BCD}"
EndProject
Global
	GlobalSection(SolutionConfigurationPlatforms) = preSolution
		Debug|Any CPU = Debug|Any CPU
		Release|Any CPU = Release|Any CPU
	EndGlobalSection
	GlobalSection(ProjectConfigurationPlatforms) = postSolution
		{75CB30A1-390D-4201-A229-1B6AEB3792E6}.Debug|Any CPU.ActiveCfg = Debug|Any CPU
		{75CB30A1-390D-4201-A229-1B6AEB3792E6}.Debug|Any CPU.Build.0 = Debug|Any CPU
		{75CB30A1-390D-4201-A229-1B6AEB3792E6}.Release|Any CPU.ActiveCfg = Release|Any CPU
		{75CB30A1-390D-4201-A229-1B6AEB3792E6}.Release|Any CPU.Build.0 = Release|Any CPU
		{7AFC1B04-F6DB-40DB-9C43-B67E20349BCD}.Debug|Any CPU.ActiveCfg = Debug|Any CPU
		{7AFC1B04-F6DB-40DB-9C43-B67E20349BCD}.Debug|Any CPU.Build.0 = Debug|Any CPU
		{7AFC1B04-F6DB-40DB-9C43-B67E20349BCD}.Release|Any CPU.ActiveCfg = Release|Any CPU
		{7AFC1B04-F6DB-40DB-9C43-B67E20349BCD}.Release|Any CPU.Build.0 = Release|Any CPU
	EndGlobalSection
	GlobalSection(SolutionProperties) = preSolution
		HideSolutionNode = FALSE
	EndGlobalSection
	GlobalSection(ExtensibilityGlobals) = postSolution
		SolutionGuid = {2D61C4DD-D46C-423E-AC94-142D39AAF06F}
	EndGlobalSection
EndGlobal
